{
  "name": "fligth-ticket-microservice",
  "lockfileVersion": 3,
  "requires": true,
  "packages": {
    "": {
      "dependencies": {
        "@nestjs/cache-manager": "^1.0.0",
        "cache-manager": "^5.2.1"
      }
    },
    "node_modules/@lukeed/csprng": {
      "version": "1.1.0",
      "resolved": "https://registry.npmjs.org/@lukeed/csprng/-/csprng-1.1.0.tgz",
      "integrity": "sha512-Z7C/xXCiGWsg0KuKsHTKJxbWhpI3Vs5GwLfOean7MGyVFGqdRgBbAjOCh6u4bbjPc/8MJ2pZmK/0DLdCbivLDA==",
      "peer": true,
      "engines": {
        "node": ">=8"
      }
    },
    "node_modules/@nestjs/cache-manager": {
      "version": "1.0.0",
      "resolved": "https://registry.npmjs.org/@nestjs/cache-manager/-/cache-manager-1.0.0.tgz",
      "integrity": "sha512-XMNdgsj3H+Ng/SYwFl13vRGNFA3e5Obk8LNwIuHLVSocnK2exReAWtscxEjQhoBc4FW4jAYOgU/U+mt18Q9T0g==",
      "peerDependencies": {
        "@nestjs/common": "^9.0.0",
        "cache-manager": "<=5",
        "reflect-metadata": "^0.1.12",
        "rxjs": "^7.0.0"
      }
    },
    "node_modules/@nestjs/common": {
      "version": "9.4.0",
      "resolved": "https://registry.npmjs.org/@nestjs/common/-/common-9.4.0.tgz",
      "integrity": "sha512-RUcVAQsEF4WPrmzFXEOUfZnPwrLTe1UVlzXTlSyfqfqbdWDPKDGlIPVelBLfc5/+RRUQ0I5iE4+CQvpCmkqldw==",
      "peer": true,
      "dependencies": {
        "iterare": "1.2.1",
        "tslib": "2.5.0",
        "uid": "2.0.2"
      },
      "funding": {
        "type": "opencollective",
        "url": "https://opencollective.com/nest"
      },
      "peerDependencies": {
        "cache-manager": "<=5",
        "class-transformer": "*",
        "class-validator": "*",
        "reflect-metadata": "^0.1.12",
        "rxjs": "^7.1.0"
      },
      "peerDependenciesMeta": {
        "cache-manager": {
          "optional": true
        },
        "class-transformer": {
          "optional": true
        },
        "class-validator": {
          "optional": true
        }
      }
    },
    "node_modules/cache-manager": {
      "version": "5.2.1",
      "resolved": "https://registry.npmjs.org/cache-manager/-/cache-manager-5.2.1.tgz",
      "integrity": "sha512-qYHx0DlM0mepUqXkpDg83K1dYEXOinq9+sYdHxs1c5LQjR1MPgm34im+JVtsy9+uoeE2T1JLzJSAB+nV4IH5dQ==",
      "dependencies": {
        "lodash.clonedeep": "^4.5.0",
        "lru-cache": "~9.1.1"
      }
    },
    "node_modules/iterare": {
      "version": "1.2.1",
      "resolved": "https://registry.npmjs.org/iterare/-/iterare-1.2.1.tgz",
      "integrity": "sha512-RKYVTCjAnRthyJes037NX/IiqeidgN1xc3j1RjFfECFp28A1GVwK9nA+i0rJPaHqSZwygLzRnFlzUuHFoWWy+Q==",
      "peer": true,
      "engines": {
        "node": ">=6"
      }
    },
    "node_modules/lodash.clonedeep": {
      "version": "4.5.0",
      "resolved": "https://registry.npmjs.org/lodash.clonedeep/-/lodash.clonedeep-4.5.0.tgz",
      "integrity": "sha512-H5ZhCF25riFd9uB5UCkVKo61m3S/xZk1x4wA6yp/L3RFP6Z/eHH1ymQcGLo7J3GMPfm0V/7m1tryHuGVxpqEBQ=="
    },
    "node_modules/lru-cache": {
      "version": "9.1.1",
      "resolved": "https://registry.npmjs.org/lru-cache/-/lru-cache-9.1.1.tgz",
      "integrity": "sha512-65/Jky17UwSb0BuB9V+MyDpsOtXKmYwzhyl+cOa9XUiI4uV2Ouy/2voFP3+al0BjZbJgMBD8FojMpAf+Z+qn4A==",
      "engines": {
        "node": "14 || >=16.14"
      }
    },
    "node_modules/reflect-metadata": {
      "version": "0.1.13",
      "resolved": "https://registry.npmjs.org/reflect-metadata/-/reflect-metadata-0.1.13.tgz",
      "integrity": "sha512-Ts1Y/anZELhSsjMcU605fU9RE4Oi3p5ORujwbIKXfWa+0Zxs510Qrmrce5/Jowq3cHSZSJqBjypxmHarc+vEWg==",
      "peer": true
    },
    "node_modules/rxjs": {
      "version": "7.8.0",
      "resolved": "https://registry.npmjs.org/rxjs/-/rxjs-7.8.0.tgz",
      "integrity": "sha512-F2+gxDshqmIub1KdvZkaEfGDwLNpPvk9Fs6LD/MyQxNgMds/WH9OdDDXOmxUZpME+iSK3rQCctkL0DYyytUqMg==",
      "peer": true,
      "dependencies": {
        "tslib": "^2.1.0"
      }
    },
    "node_modules/tslib": {
      "version": "2.5.0",
      "resolved": "https://registry.npmjs.org/tslib/-/tslib-2.5.0.tgz",
      "integrity": "sha512-336iVw3rtn2BUK7ORdIAHTyxHGRIHVReokCR3XjbckJMK7ms8FysBfhLR8IXnAgy7T0PTPNBWKiH514FOW/WSg==",
      "peer": true
    },
    "node_modules/uid": {
      "version": "2.0.2",
      "resolved": "https://registry.npmjs.org/uid/-/uid-2.0.2.tgz",
      "integrity": "sha512-u3xV3X7uzvi5b1MncmZo3i2Aw222Zk1keqLA1YkHldREkAhAqi65wuPfe7lHx8H/Wzy+8CE7S7uS3jekIM5s8g==",
      "peer": true,
      "dependencies": {
        "@lukeed/csprng": "^1.0.0"
      },
      "engines": {
        "node": ">=8"
      }
    }
  }
}
